
Microsoft Visual Studio Solution File, Format Version 12.00
# Visual Studio Version 18
VisualStudioVersion = 18.4.11612.150
MinimumVisualStudioVersion = 10.0.40219.1
Project("{FAE04EC0-301F-11D3-BF4B-00C04F79EFBC}") = "Program", "MazeCS.Console\Program.csproj", "{A79B94AA-BFF6-A556-3BB2-DF0E5C417A55}"
EndProject
Project("{FAE04EC0-301F-11D3-BF4B-00C04F79EFBC}") = "MazeCS.Wasm", "MazeCS.Wasm\MazeCS.Wasm.csproj", "{B1AAA2E0-DD23-4E7A-BA0D-4719710B5FE3}"
EndProject
Global
	GlobalSection(SolutionConfigurationPlatforms) = preSolution
		Debug|Any CPU = Debug|Any CPU
		Debug|x64 = Debug|x64
		Debug|x86 = Debug|x86
		Release|Any CPU = Release|Any CPU
		Release|x64 = Release|x64
		Release|x86 = Release|x86
	EndGlobalSection
	GlobalSection(ProjectConfigurationPlatforms) = postSolution
		{A79B94AA-BFF6-A556-3BB2-DF0E5C417A55}.Debug|Any CPU.ActiveCfg = Debug|Any CPU
		{A79B94AA-BFF6-A556-3BB2-DF0E5C417A55}.Debug|Any CPU.Build.0 = Debug|Any CPU
		{A79B94AA-BFF6-A556-3BB2-DF0E5C417A55}.Debug|x64.ActiveCfg = Debug|Any CPU
		{A79B94AA-BFF6-A556-3BB2-DF0E5C417A55}.Debug|x64.Build.0 = Debug|Any CPU
		{A79B94AA-BFF6-A556-3BB2-DF0E5C417A55}.Debug|x86.ActiveCfg = Debug|Any CPU
		{A79B94AA-BFF6-A556-3BB2-DF0E5C417A55}.Debug|x86.Build.0 = Debug|Any CPU
		{A79B94AA-BFF6-A556-3BB2-DF0E5C417A55}.Release|Any CPU.ActiveCfg = Release|Any CPU
		{A79B94AA-BFF6-A556-3BB2-DF0E5C417A55}.Release|Any CPU.Build.0 = Release|Any CPU
		{A79B94AA-BFF6-A556-3BB2-DF0E5C417A55}.Release|x64.ActiveCfg = Release|Any CPU
		{A79B94AA-BFF6-A556-3BB2-DF0E5C417A55}.Release|x64.Build.0 = Release|Any CPU
		{A79B94AA-BFF6-A556-3BB2-DF0E5C417A55}.Release|x86.ActiveCfg = Release|Any CPU
		{A79B94AA-BFF6-A556-3BB2-DF0E5C417A55}.Release|x86.Build.0 = Release|Any CPU
		{B1AAA2E0-DD23-4E7A-BA0D-4719710B5FE3}.Debug|Any CPU.ActiveCfg = Debug|Any CPU
		{B1AAA2E0-DD23-4E7A-BA0D-4719710B5FE3}.Debug|Any CPU.Build.0 = Debug|Any CPU
		{B1AAA2E0-DD23-4E7A-BA0D-4719710B5FE3}.Debug|x64.ActiveCfg = Debug|Any CPU
		{B1AAA2E0-DD23-4E7A-BA0D-4719710B5FE3}.Debug|x64.Build.0 = Debug|Any CPU
		{B1AAA2E0-DD23-4E7A-BA0D-4719710B5FE3}.Debug|x86.ActiveCfg = Debug|Any CPU
		{B1AAA2E0-DD23-4E7A-BA0D-4719710B5FE3}.Debug|x86.Build.0 = Debug|Any CPU
		{B1AAA2E0-DD23-4E7A-BA0D-4719710B5FE3}.Release|Any CPU.ActiveCfg = Release|Any CPU
		{B1AAA2E0-DD23-4E7A-BA0D-4719710B5FE3}.Release|Any CPU.Build.0 = Release|Any CPU
		{B1AAA2E0-DD23-4E7A-BA0D-4719710B5FE3}.Release|x64.ActiveCfg = Release|Any CPU
		{B1AAA2E0-DD23-4E7A-BA0D-4719710B5FE3}.Release|x64.Build.0 = Release|Any CPU
		{B1AAA2E0-DD23-4E7A-BA0D-4719710B5FE3}.Release|x86.ActiveCfg = Release|Any CPU
		{B1AAA2E0-DD23-4E7A-BA0D-4719710B5FE3}.Release|x86.Build.0 = Release|Any CPU
	EndGlobalSection
	GlobalSection(SolutionProperties) = preSolution
		HideSolutionNode = FALSE
	EndGlobalSection
	GlobalSection(ExtensibilityGlobals) = postSolution
		SolutionGuid = {A5D706D2-167E-4292-86CA-48C6C7D0E804}
	EndGlobalSection
EndGlobal
